
Microsoft Visual Studio Solution File, Format Version 12.00
Project("{FAE04EC0-301F-11D3-BF4B-00C04F79EFBC}") = "Snowfall.Web.Mvc", "Snowfall.Web.Mvc\Snowfall.Web.Mvc.csproj", "{37CEDFAE-4536-493F-96C1-5EBB795063AE}"
EndProject
Project("{FAE04EC0-301F-11D3-BF4B-00C04F79EFBC}") = "Snowfall.Data", "Snowfall.Data\Snowfall.Data.csproj", "{9D8AAFA0-350E-475D-AF52-1BC073BDF2FE}"
EndProject
Project("{FAE04EC0-301F-11D3-BF4B-00C04F79EFBC}") = "Snowfall.Domain", "Snowfall.Domain\Snowfall.Domain.csproj", "{ACE01135-3BB8-4AE7-9216-A36308E8335B}"
EndProject
Project("{FAE04EC0-301F-11D3-BF4B-00C04F79EFBC}") = "Snowfall.Application", "Snowfall.Application\Snowfall.Application.csproj", "{D00705B9-F13B-4AE0-B67B-636C7BE78291}"
EndProject
Project("{FAE04EC0-301F-11D3-BF4B-00C04F79EFBC}") = "Snowfall.Web.Api", "Snowfall.Web.Api\Snowfall.Web.Api.csproj", "{3F324E84-F972-499F-B5A0-5BE8D574F9F5}"
EndProject
Project("{FAE04EC0-301F-11D3-BF4B-00C04F79EFBC}") = "Snowfall.Web.Admin", "Snowfall.Web.Admin\Snowfall.Web.Admin.csproj", "{BE1FFDB2-BFAB-4299-B57C-1E5734515BF5}"
EndProject
Project("{FAE04EC0-301F-11D3-BF4B-00C04F79EFBC}") = "Snowfall.Shared", "Snowfall.Shared\Snowfall.Shared.csproj", "{CB2C3504-3846-4943-959A-778AD2420DF0}"
EndProject
Project("{FAE04EC0-301F-11D3-BF4B-00C04F79EFBC}") = "Snowfall.Tests", "Snowfall.Tests\Snowfall.Tests.csproj", "{F123DC9F-5918-427B-A3B5-25B4C8D01441}"
EndProject
Global
	GlobalSection(SolutionConfigurationPlatforms) = preSolution
		Debug|Any CPU = Debug|Any CPU
		Release|Any CPU = Release|Any CPU
	EndGlobalSection
	GlobalSection(ProjectConfigurationPlatforms) = postSolution
		{37CEDFAE-4536-493F-96C1-5EBB795063AE}.Debug|Any CPU.ActiveCfg = Debug|Any CPU
		{37CEDFAE-4536-493F-96C1-5EBB795063AE}.Debug|Any CPU.Build.0 = Debug|Any CPU
		{37CEDFAE-4536-493F-96C1-5EBB795063AE}.Release|Any CPU.ActiveCfg = Release|Any CPU
		{37CEDFAE-4536-493F-96C1-5EBB795063AE}.Release|Any CPU.Build.0 = Release|Any CPU
		{9D8AAFA0-350E-475D-AF52-1BC073BDF2FE}.Debug|Any CPU.ActiveCfg = Debug|Any CPU
		{9D8AAFA0-350E-475D-AF52-1BC073BDF2FE}.Debug|Any CPU.Build.0 = Debug|Any CPU
		{9D8AAFA0-350E-475D-AF52-1BC073BDF2FE}.Release|Any CPU.ActiveCfg = Release|Any CPU
		{9D8AAFA0-350E-475D-AF52-1BC073BDF2FE}.Release|Any CPU.Build.0 = Release|Any CPU
		{ACE01135-3BB8-4AE7-9216-A36308E8335B}.Debug|Any CPU.ActiveCfg = Debug|Any CPU
		{ACE01135-3BB8-4AE7-9216-A36308E8335B}.Debug|Any CPU.Build.0 = Debug|Any CPU
		{ACE01135-3BB8-4AE7-9216-A36308E8335B}.Release|Any CPU.ActiveCfg = Release|Any CPU
		{ACE01135-3BB8-4AE7-9216-A36308E8335B}.Release|Any CPU.Build.0 = Release|Any CPU
		{D00705B9-F13B-4AE0-B67B-636C7BE78291}.Debug|Any CPU.ActiveCfg = Debug|Any CPU
		{D00705B9-F13B-4AE0-B67B-636C7BE78291}.Debug|Any CPU.Build.0 = Debug|Any CPU
		{D00705B9-F13B-4AE0-B67B-636C7BE78291}.Release|Any CPU.ActiveCfg = Release|Any CPU
		{D00705B9-F13B-4AE0-B67B-636C7BE78291}.Release|Any CPU.Build.0 = Release|Any CPU
		{3F324E84-F972-499F-B5A0-5BE8D574F9F5}.Debug|Any CPU.ActiveCfg = Debug|Any CPU
		{3F324E84-F972-499F-B5A0-5BE8D574F9F5}.Debug|Any CPU.Build.0 = Debug|Any CPU
		{3F324E84-F972-499F-B5A0-5BE8D574F9F5}.Release|Any CPU.ActiveCfg = Release|Any CPU
		{3F324E84-F972-499F-B5A0-5BE8D574F9F5}.Release|Any CPU.Build.0 = Release|Any CPU
		{BE1FFDB2-BFAB-4299-B57C-1E5734515BF5}.Debug|Any CPU.ActiveCfg = Debug|Any CPU
		{BE1FFDB2-BFAB-4299-B57C-1E5734515BF5}.Debug|Any CPU.Build.0 = Debug|Any CPU
		{BE1FFDB2-BFAB-4299-B57C-1E5734515BF5}.Release|Any CPU.ActiveCfg = Release|Any CPU
		{BE1FFDB2-BFAB-4299-B57C-1E5734515BF5}.Release|Any CPU.Build.0 = Release|Any CPU
		{CB2C3504-3846-4943-959A-778AD2420DF0}.Debug|Any CPU.ActiveCfg = Debug|Any CPU
		{CB2C3504-3846-4943-959A-778AD2420DF0}.Debug|Any CPU.Build.0 = Debug|Any CPU
		{CB2C3504-3846-4943-959A-778AD2420DF0}.Release|Any CPU.ActiveCfg = Release|Any CPU
		{CB2C3504-3846-4943-959A-778AD2420DF0}.Release|Any CPU.Build.0 = Release|Any CPU
		{F123DC9F-5918-427B-A3B5-25B4C8D01441}.Debug|Any CPU.ActiveCfg = Debug|Any CPU
		{F123DC9F-5918-427B-A3B5-25B4C8D01441}.Debug|Any CPU.Build.0 = Debug|Any CPU
		{F123DC9F-5918-427B-A3B5-25B4C8D01441}.Release|Any CPU.ActiveCfg = Release|Any CPU
		{F123DC9F-5918-427B-A3B5-25B4C8D01441}.Release|Any CPU.Build.0 = Release|Any CPU
	EndGlobalSection
EndGlobal
