
Microsoft Visual Studio Solution File, Format Version 12.00
Project("{FAE04EC0-301F-11D3-BF4B-00C04F79EFBC}") = "Snowfall.Web.Mvc", "Snowfall.Web.Mvc\Snowfall.Web.Mvc.csproj", "{37CEDFAE-4536-493F-96C1-5EBB795063AE}"
EndProject
Project("{FAE04EC0-301F-11D3-BF4B-00C04F79EFBC}") = "Snowfall.Data", "Snowfall.Data\Snowfall.Data.csproj", "{9D8AAFA0-350E-475D-AF52-1BC073BDF2FE}"
EndProject
Project("{FAE04EC0-301F-11D3-BF4B-00C04F79EFBC}") = "Snowfall.Domain", "Snowfall.Domain\Snowfall.Domain.csproj", "{ACE01135-3BB8-4AE7-9216-A36308E8335B}"
EndProject
Global
	GlobalSection(SolutionConfigurationPlatforms) = preSolution
		Debug|Any CPU = Debug|Any CPU
		Release|Any CPU = Release|Any CPU
	EndGlobalSection
	GlobalSection(ProjectConfigurationPlatforms) = postSolution
		{37CEDFAE-4536-493F-96C1-5EBB795063AE}.Debug|Any CPU.ActiveCfg = Debug|Any CPU
		{37CEDFAE-4536-493F-96C1-5EBB795063AE}.Debug|Any CPU.Build.0 = Debug|Any CPU
		{37CEDFAE-4536-493F-96C1-5EBB795063AE}.Release|Any CPU.ActiveCfg = Release|Any CPU
		{37CEDFAE-4536-493F-96C1-5EBB795063AE}.Release|Any CPU.Build.0 = Release|Any CPU
		{9D8AAFA0-350E-475D-AF52-1BC073BDF2FE}.Debug|Any CPU.ActiveCfg = Debug|Any CPU
		{9D8AAFA0-350E-475D-AF52-1BC073BDF2FE}.Debug|Any CPU.Build.0 = Debug|Any CPU
		{9D8AAFA0-350E-475D-AF52-1BC073BDF2FE}.Release|Any CPU.ActiveCfg = Release|Any CPU
		{9D8AAFA0-350E-475D-AF52-1BC073BDF2FE}.Release|Any CPU.Build.0 = Release|Any CPU
		{ACE01135-3BB8-4AE7-9216-A36308E8335B}.Debug|Any CPU.ActiveCfg = Debug|Any CPU
		{ACE01135-3BB8-4AE7-9216-A36308E8335B}.Debug|Any CPU.Build.0 = Debug|Any CPU
		{ACE01135-3BB8-4AE7-9216-A36308E8335B}.Release|Any CPU.ActiveCfg = Release|Any CPU
		{ACE01135-3BB8-4AE7-9216-A36308E8335B}.Release|Any CPU.Build.0 = Release|Any CPU
	EndGlobalSection
EndGlobal
